{
  "name": "redcube-ai-mono",
  "version": "0.2.1",
  "lockfileVersion": 3,
  "requires": true,
  "packages": {
    "": {
      "name": "redcube-ai-mono",
      "version": "0.2.1",
      "license": "Apache-2.0",
      "workspaces": [
        "apps/*",
        "packages/*"
      ],
      "dependencies": {
        "@redcube/domain-entry": "0.1.0",
        "@redcube/runtime": "0.1.0",
        "@redcube/runtime-protocol": "0.1.0"
      },
      "devDependencies": {
        "@types/node": "^24.7.0",
        "typescript": "^5.9.2"
      }
    },
    "apps/redcube-cli": {
      "name": "@redcube/cli",
      "version": "0.1.0",
      "license": "Apache-2.0",
      "dependencies": {
        "@redcube/domain-entry": "0.1.0"
      },
      "bin": {
        "redcube": "dist/cli.js"
      }
    },
    "node_modules/@redcube/cli": {
      "resolved": "apps/redcube-cli",
      "link": true
    },
    "node_modules/@redcube/domain-entry": {
      "resolved": "packages/redcube-domain-entry",
      "link": true
    },
    "node_modules/@redcube/governance": {
      "resolved": "packages/redcube-governance",
      "link": true
    },
    "node_modules/@redcube/overlay-core": {
      "resolved": "packages/redcube-overlay-core",
      "link": true
    },
    "node_modules/@redcube/runtime": {
      "resolved": "packages/redcube-runtime",
      "link": true
    },
    "node_modules/@redcube/runtime-protocol": {
      "resolved": "packages/redcube-runtime-protocol",
      "link": true
    },
    "node_modules/@types/node": {
      "version": "24.12.2",
      "resolved": "https://registry.npmjs.org/@types/node/-/node-24.12.2.tgz",
      "integrity": "sha512-A1sre26ke7HDIuY/M23nd9gfB+nrmhtYyMINbjI1zHJxYteKR6qSMX56FsmjMcDb3SMcjJg5BiRRgOCC/yBD0g==",
      "dev": true,
      "license": "MIT",
      "dependencies": {
        "undici-types": "~7.16.0"
      }
    },
    "node_modules/typescript": {
      "version": "5.9.3",
      "resolved": "https://registry.npmjs.org/typescript/-/typescript-5.9.3.tgz",
      "integrity": "sha512-jl1vZzPDinLr9eUt3J/t7V6FgNEw9QjvBPdysz9KfQDD41fQrC2Y4vKQdiaUpFT4bXlb1RHhLpp8wtm6M5TgSw==",
      "dev": true,
      "license": "Apache-2.0",
      "bin": {
        "tsc": "bin/tsc",
        "tsserver": "bin/tsserver"
      },
      "engines": {
        "node": ">=14.17"
      }
    },
    "node_modules/undici-types": {
      "version": "7.16.0",
      "resolved": "https://registry.npmjs.org/undici-types/-/undici-types-7.16.0.tgz",
      "integrity": "sha512-Zz+aZWSj8LE6zoxD+xrjh4VfkIG8Ya6LvYkZqtUQGJPZjYl53ypCaUwWqo7eI0x66KBGeRo+mlBEkMSeSZ38Nw==",
      "dev": true,
      "license": "MIT"
    },
    "packages/redcube-domain-entry": {
      "name": "@redcube/domain-entry",
      "version": "0.1.0",
      "license": "Apache-2.0",
      "dependencies": {
        "@redcube/overlay-core": "0.1.0",
        "@redcube/runtime": "0.1.0",
        "@redcube/runtime-protocol": "0.1.0"
      }
    },
    "packages/redcube-governance": {
      "name": "@redcube/governance",
      "version": "0.1.0",
      "license": "Apache-2.0",
      "dependencies": {
        "@redcube/overlay-core": "0.1.0",
        "@redcube/runtime-protocol": "0.1.0"
      }
    },
    "packages/redcube-overlay-core": {
      "name": "@redcube/overlay-core",
      "version": "0.1.0",
      "license": "Apache-2.0",
      "dependencies": {
        "@redcube/runtime-protocol": "0.1.0"
      }
    },
    "packages/redcube-runtime": {
      "name": "@redcube/runtime",
      "version": "0.1.0",
      "license": "Apache-2.0",
      "dependencies": {
        "@redcube/governance": "0.1.0",
        "@redcube/overlay-core": "0.1.0",
        "@redcube/runtime-protocol": "0.1.0"
      }
    },
    "packages/redcube-runtime-protocol": {
      "name": "@redcube/runtime-protocol",
      "version": "0.1.0",
      "license": "Apache-2.0"
    }
  }
}
